
Microsoft Visual Studio Solution File, Format Version 12.00
# Visual Studio 15
VisualStudioVersion = 15.0.28010.2026
MinimumVisualStudioVersion = 10.0.40219.1
Project("{9A19103F-16F7-4668-BE54-9A1E7A4F7556}") = "SignalRSite", "SignalRSite.csproj", "{A91859A3-6AE5-4872-8AA3-F373A4A2CD5A}"
EndProject
Global
	GlobalSection(SolutionConfigurationPlatforms) = preSolution
		Debug|Any CPU = Debug|Any CPU
		Release|Any CPU = Release|Any CPU
	EndGlobalSection
	GlobalSection(ProjectConfigurationPlatforms) = postSolution
		{A91859A3-6AE5-4872-8AA3-F373A4A2CD5A}.Debug|Any CPU.ActiveCfg = Debug|Any CPU
		{A91859A3-6AE5-4872-8AA3-F373A4A2CD5A}.Debug|Any CPU.Build.0 = Debug|Any CPU
		{A91859A3-6AE5-4872-8AA3-F373A4A2CD5A}.Release|Any CPU.ActiveCfg = Release|Any CPU
		{A91859A3-6AE5-4872-8AA3-F373A4A2CD5A}.Release|Any CPU.Build.0 = Release|Any CPU
	EndGlobalSection
	GlobalSection(SolutionProperties) = preSolution
		HideSolutionNode = FALSE
	EndGlobalSection
	GlobalSection(ExtensibilityGlobals) = postSolution
		SolutionGuid = {E1FCC6FB-F902-4143-9845-DBCF02CE5B49}
	EndGlobalSection
EndGlobal
